// !$*UTF8*$!
{
	archiveVersion = 1;
	classes = {
	};
	objectVersion = 56;
	objects = {

/* Begin PBXBuildFile section */
		0004406829943FDE00596A1C /* SDWebImage in Frameworks */ = {isa = PBXBuildFile; productRef = 0004406729943FDE00596A1C /* SDWebImage */; };
		003C0F5629911D7F002EFC41 /* AppDelegate.swift in Sources */ = {isa = PBXBuildFile; fileRef = 003C0F5529911D7F002EFC41 /* AppDelegate.swift */; };
		003C0F5829911D7F002EFC41 /* SceneDelegate.swift in Sources */ = {isa = PBXBuildFile; fileRef = 003C0F5729911D7F002EFC41 /* SceneDelegate.swift */; };
		003C0F5A29911D7F002EFC41 /* MainViewController.swift in Sources */ = {isa = PBXBuildFile; fileRef = 003C0F5929911D7F002EFC41 /* MainViewController.swift */; };
		003C0F5D29911D7F002EFC41 /* Main.storyboard in Resources */ = {isa = PBXBuildFile; fileRef = 003C0F5B29911D7F002EFC41 /* Main.storyboard */; };
		003C0F5F29911D80002EFC41 /* Assets.xcassets in Resources */ = {isa = PBXBuildFile; fileRef = 003C0F5E29911D80002EFC41 /* Assets.xcassets */; };
		003C0F6229911D80002EFC41 /* LaunchScreen.storyboard in Resources */ = {isa = PBXBuildFile; fileRef = 003C0F6029911D80002EFC41 /* LaunchScreen.storyboard */; };
		00570EA729925B4000291C18 /* ImageModel.swift in Sources */ = {isa = PBXBuildFile; fileRef = 00570EA629925B4000291C18 /* ImageModel.swift */; };
		00570EAB2992694B00291C18 /* NetworkManager.swift in Sources */ = {isa = PBXBuildFile; fileRef = 00570EAA2992694B00291C18 /* NetworkManager.swift */; };
		00570EB129926B3100291C18 /* Constants.swift in Sources */ = {isa = PBXBuildFile; fileRef = 00570EB029926B3100291C18 /* Constants.swift */; };
		00570EB429926C8A00291C18 /* ImageCell.swift in Sources */ = {isa = PBXBuildFile; fileRef = 00570EB329926C8A00291C18 /* ImageCell.swift */; };
		00570EB62992A76400291C18 /* DetailImageViewController.swift in Sources */ = {isa = PBXBuildFile; fileRef = 00570EB52992A76400291C18 /* DetailImageViewController.swift */; };
		008F16FB2993CA5200466BC0 /* WebViewController.swift in Sources */ = {isa = PBXBuildFile; fileRef = 008F16FA2993CA5200466BC0 /* WebViewController.swift */; };
		008F16FE2993CB0300466BC0 /* WebKit.framework in Frameworks */ = {isa = PBXBuildFile; fileRef = 008F16FD2993CB0300466BC0 /* WebKit.framework */; };
/* End PBXBuildFile section */

/* Begin PBXFileReference section */
		003C0F5229911D7F002EFC41 /* PicturesGoogleTestTask.app */ = {isa = PBXFileReference; explicitFileType = wrapper.application; includeInIndex = 0; path = PicturesGoogleTestTask.app; sourceTree = BUILT_PRODUCTS_DIR; };
		003C0F5529911D7F002EFC41 /* AppDelegate.swift */ = {isa = PBXFileReference; lastKnownFileType = sourcecode.swift; path = AppDelegate.swift; sourceTree = "<group>"; };
		003C0F5729911D7F002EFC41 /* SceneDelegate.swift */ = {isa = PBXFileReference; lastKnownFileType = sourcecode.swift; path = SceneDelegate.swift; sourceTree = "<group>"; };
		003C0F5929911D7F002EFC41 /* MainViewController.swift */ = {isa = PBXFileReference; lastKnownFileType = sourcecode.swift; path = MainViewController.swift; sourceTree = "<group>"; };
		003C0F5C29911D7F002EFC41 /* Base */ = {isa = PBXFileReference; lastKnownFileType = file.storyboard; name = Base; path = Base.lproj/Main.storyboard; sourceTree = "<group>"; };
		003C0F5E29911D80002EFC41 /* Assets.xcassets */ = {isa = PBXFileReference; lastKnownFileType = folder.assetcatalog; path = Assets.xcassets; sourceTree = "<group>"; };
		003C0F6129911D80002EFC41 /* Base */ = {isa = PBXFileReference; lastKnownFileType = file.storyboard; name = Base; path = Base.lproj/LaunchScreen.storyboard; sourceTree = "<group>"; };
		003C0F6329911D80002EFC41 /* Info.plist */ = {isa = PBXFileReference; lastKnownFileType = text.plist.xml; path = Info.plist; sourceTree = "<group>"; };
		00570EA629925B4000291C18 /* ImageModel.swift */ = {isa = PBXFileReference; lastKnownFileType = sourcecode.swift; path = ImageModel.swift; sourceTree = "<group>"; };
		00570EAA2992694B00291C18 /* NetworkManager.swift */ = {isa = PBXFileReference; lastKnownFileType = sourcecode.swift; path = NetworkManager.swift; sourceTree = "<group>"; };
		00570EB029926B3100291C18 /* Constants.swift */ = {isa = PBXFileReference; lastKnownFileType = sourcecode.swift; path = Constants.swift; sourceTree = "<group>"; };
		00570EB329926C8A00291C18 /* ImageCell.swift */ = {isa = PBXFileReference; lastKnownFileType = sourcecode.swift; path = ImageCell.swift; sourceTree = "<group>"; };
		00570EB52992A76400291C18 /* DetailImageViewController.swift */ = {isa = PBXFileReference; lastKnownFileType = sourcecode.swift; path = DetailImageViewController.swift; sourceTree = "<group>"; };
		008F16FA2993CA5200466BC0 /* WebViewController.swift */ = {isa = PBXFileReference; lastKnownFileType = sourcecode.swift; path = WebViewController.swift; sourceTree = "<group>"; };
		008F16FD2993CB0300466BC0 /* WebKit.framework */ = {isa = PBXFileReference; lastKnownFileType = wrapper.framework; name = WebKit.framework; path = System/Library/Frameworks/WebKit.framework; sourceTree = SDKROOT; };
/* End PBXFileReference section */

/* Begin PBXFrameworksBuildPhase section */
		003C0F4F29911D7F002EFC41 /* Frameworks */ = {
			isa = PBXFrameworksBuildPhase;
			buildActionMask = 2147483647;
			files = (
				0004406829943FDE00596A1C /* SDWebImage in Frameworks */,
				008F16FE2993CB0300466BC0 /* WebKit.framework in Frameworks */,
			);
			runOnlyForDeploymentPostprocessing = 0;
		};
/* End PBXFrameworksBuildPhase section */

/* Begin PBXGroup section */
		003C0F4929911D7F002EFC41 = {
			isa = PBXGroup;
			children = (
				003C0F5429911D7F002EFC41 /* PicturesGoogleTestTask */,
				003C0F5329911D7F002EFC41 /* Products */,
				008F16FC2993CB0300466BC0 /* Frameworks */,
			);
			sourceTree = "<group>";
		};
		003C0F5329911D7F002EFC41 /* Products */ = {
			isa = PBXGroup;
			children = (
				003C0F5229911D7F002EFC41 /* PicturesGoogleTestTask.app */,
			);
			name = Products;
			sourceTree = "<group>";
		};
		003C0F5429911D7F002EFC41 /* PicturesGoogleTestTask */ = {
			isa = PBXGroup;
			children = (
				00570EAE2992697B00291C18 /* Controllers */,
				00570EAD2992697400291C18 /* View */,
				00570EA92992693800291C18 /* Services */,
				00570EA829925B4300291C18 /* Model */,
				00570EAC2992696900291C18 /* App */,
				00570EAF29926A4400291C18 /* Resurces */,
			);
			path = PicturesGoogleTestTask;
			sourceTree = "<group>";
		};
		00570EA829925B4300291C18 /* Model */ = {
			isa = PBXGroup;
			children = (
				00570EA629925B4000291C18 /* ImageModel.swift */,
			);
			path = Model;
			sourceTree = "<group>";
		};
		00570EA92992693800291C18 /* Services */ = {
			isa = PBXGroup;
			children = (
				00570EAA2992694B00291C18 /* NetworkManager.swift */,
				00570EB029926B3100291C18 /* Constants.swift */,
			);
			path = Services;
			sourceTree = "<group>";
		};
		00570EAC2992696900291C18 /* App */ = {
			isa = PBXGroup;
			children = (
				003C0F5529911D7F002EFC41 /* AppDelegate.swift */,
				003C0F5729911D7F002EFC41 /* SceneDelegate.swift */,
				003C0F6329911D80002EFC41 /* Info.plist */,
			);
			path = App;
			sourceTree = "<group>";
		};
		00570EAD2992697400291C18 /* View */ = {
			isa = PBXGroup;
			children = (
				003C0F5B29911D7F002EFC41 /* Main.storyboard */,
				003C0F6029911D80002EFC41 /* LaunchScreen.storyboard */,
			);
			path = View;
			sourceTree = "<group>";
		};
		00570EAE2992697B00291C18 /* Controllers */ = {
			isa = PBXGroup;
			children = (
				003C0F5929911D7F002EFC41 /* MainViewController.swift */,
				00570EB52992A76400291C18 /* DetailImageViewController.swift */,
				00570EB229926B7300291C18 /* Cell */,
				008F16FA2993CA5200466BC0 /* WebViewController.swift */,
			);
			path = Controllers;
			sourceTree = "<group>";
		};
		00570EAF29926A4400291C18 /* Resurces */ = {
			isa = PBXGroup;
			children = (
				003C0F5E29911D80002EFC41 /* Assets.xcassets */,
			);
			path = Resurces;
			sourceTree = "<group>";
		};
		00570EB229926B7300291C18 /* Cell */ = {
			isa = PBXGroup;
			children = (
				00570EB329926C8A00291C18 /* ImageCell.swift */,
			);
			path = Cell;
			sourceTree = "<group>";
		};
		008F16FC2993CB0300466BC0 /* Frameworks */ = {
			isa = PBXGroup;
			children = (
				008F16FD2993CB0300466BC0 /* WebKit.framework */,
			);
			name = Frameworks;
			sourceTree = "<group>";
		};
/* End PBXGroup section */

/* Begin PBXNativeTarget section */
		003C0F5129911D7F002EFC41 /* PicturesGoogleTestTask */ = {
			isa = PBXNativeTarget;
			buildConfigurationList = 003C0F6629911D80002EFC41 /* Build configuration list for PBXNativeTarget "PicturesGoogleTestTask" */;
			buildPhases = (
				003C0F4E29911D7F002EFC41 /* Sources */,
				003C0F4F29911D7F002EFC41 /* Frameworks */,
				003C0F5029911D7F002EFC41 /* Resources */,
			);
			buildRules = (
			);
			dependencies = (
			);
			name = PicturesGoogleTestTask;
			packageProductDependencies = (
				0004406729943FDE00596A1C /* SDWebImage */,
			);
			productName = PicturesGoogleTestTask;
			productReference = 003C0F5229911D7F002EFC41 /* PicturesGoogleTestTask.app */;
			productType = "com.apple.product-type.application";
		};
/* End PBXNativeTarget section */

/* Begin PBXProject section */
		003C0F4A29911D7F002EFC41 /* Project object */ = {
			isa = PBXProject;
			attributes = {
				BuildIndependentTargetsInParallel = 1;
				LastSwiftUpdateCheck = 1420;
				LastUpgradeCheck = 1420;
				TargetAttributes = {
					003C0F5129911D7F002EFC41 = {
						CreatedOnToolsVersion = 14.2;
					};
				};
			};
			buildConfigurationList = 003C0F4D29911D7F002EFC41 /* Build configuration list for PBXProject "PicturesGoogleTestTask" */;
			compatibilityVersion = "Xcode 14.0";
			developmentRegion = en;
			hasScannedForEncodings = 0;
			knownRegions = (
				en,
				Base,
			);
			mainGroup = 003C0F4929911D7F002EFC41;
			packageReferences = (
				0004406629943FDE00596A1C /* XCRemoteSwiftPackageReference "SDWebImage" */,
			);
			productRefGroup = 003C0F5329911D7F002EFC41 /* Products */;
			projectDirPath = "";
			projectRoot = "";
			targets = (
				003C0F5129911D7F002EFC41 /* PicturesGoogleTestTask */,
			);
		};
/* End PBXProject section */

/* Begin PBXResourcesBuildPhase section */
		003C0F5029911D7F002EFC41 /* Resources */ = {
			isa = PBXResourcesBuildPhase;
			buildActionMask = 2147483647;
			files = (
				003C0F6229911D80002EFC41 /* LaunchScreen.storyboard in Resources */,
				003C0F5F29911D80002EFC41 /* Assets.xcassets in Resources */,
				003C0F5D29911D7F002EFC41 /* Main.storyboard in Resources */,
			);
			runOnlyForDeploymentPostprocessing = 0;
		};
/* End PBXResourcesBuildPhase section */

/* Begin PBXSourcesBuildPhase section */
		003C0F4E29911D7F002EFC41 /* Sources */ = {
			isa = PBXSourcesBuildPhase;
			buildActionMask = 2147483647;
			files = (
				003C0F5A29911D7F002EFC41 /* MainViewController.swift in Sources */,
				008F16FB2993CA5200466BC0 /* WebViewController.swift in Sources */,
				003C0F5629911D7F002EFC41 /* AppDelegate.swift in Sources */,
				00570EAB2992694B00291C18 /* NetworkManager.swift in Sources */,
				003C0F5829911D7F002EFC41 /* SceneDelegate.swift in Sources */,
				00570EA729925B4000291C18 /* ImageModel.swift in Sources */,
				00570EB429926C8A00291C18 /* ImageCell.swift in Sources */,
				00570EB129926B3100291C18 /* Constants.swift in Sources */,
				00570EB62992A76400291C18 /* DetailImageViewController.swift in Sources */,
			);
			runOnlyForDeploymentPostprocessing = 0;
		};
/* End PBXSourcesBuildPhase section */

/* Begin PBXVariantGroup section */
		003C0F5B29911D7F002EFC41 /* Main.storyboard */ = {
			isa = PBXVariantGroup;
			children = (
				003C0F5C29911D7F002EFC41 /* Base */,
			);
			name = Main.storyboard;
			sourceTree = "<group>";
		};
		003C0F6029911D80002EFC41 /* LaunchScreen.storyboard */ = {
			isa = PBXVariantGroup;
			children = (
				003C0F6129911D80002EFC41 /* Base */,
			);
			name = LaunchScreen.storyboard;
			sourceTree = "<group>";
		};
/* End PBXVariantGroup section */

/* Begin XCBuildConfiguration section */
		003C0F6429911D80002EFC41 /* Debug */ = {
			isa = XCBuildConfiguration;
			buildSettings = {
				ALWAYS_SEARCH_USER_PATHS = NO;
				CLANG_ANALYZER_NONNULL = YES;
				CLANG_ANALYZER_NUMBER_OBJECT_CONVERSION = YES_AGGRESSIVE;
				CLANG_CXX_LANGUAGE_STANDARD = "gnu++20";
				CLANG_ENABLE_MODULES = YES;
				CLANG_ENABLE_OBJC_ARC = YES;
				CLANG_ENABLE_OBJC_WEAK = YES;
				CLANG_WARN_BLOCK_CAPTURE_AUTORELEASING = YES;
				CLANG_WARN_BOOL_CONVERSION = YES;
				CLANG_WARN_COMMA = YES;
				CLANG_WARN_CONSTANT_CONVERSION = YES;
				CLANG_WARN_DEPRECATED_OBJC_IMPLEMENTATIONS = YES;
				CLANG_WARN_DIRECT_OBJC_ISA_USAGE = YES_ERROR;
				CLANG_WARN_DOCUMENTATION_COMMENTS = YES;
				CLANG_WARN_EMPTY_BODY = YES;
				CLANG_WARN_ENUM_CONVERSION = YES;
				CLANG_WARN_INFINITE_RECURSION = YES;
				CLANG_WARN_INT_CONVERSION = YES;
				CLANG_WARN_NON_LITERAL_NULL_CONVERSION = YES;
				CLANG_WARN_OBJC_IMPLICIT_RETAIN_SELF = YES;
				CLANG_WARN_OBJC_LITERAL_CONVERSION = YES;
				CLANG_WARN_OBJC_ROOT_CLASS = YES_ERROR;
				CLANG_WARN_QUOTED_INCLUDE_IN_FRAMEWORK_HEADER = YES;
				CLANG_WARN_RANGE_LOOP_ANALYSIS = YES;
				CLANG_WARN_STRICT_PROTOTYPES = YES;
				CLANG_WARN_SUSPICIOUS_MOVE = YES;
				CLANG_WARN_UNGUARDED_AVAILABILITY = YES_AGGRESSIVE;
				CLANG_WARN_UNREACHABLE_CODE = YES;
				CLANG_WARN__DUPLICATE_METHOD_MATCH = YES;
				COPY_PHASE_STRIP = NO;
				DEBUG_INFORMATION_FORMAT = dwarf;
				ENABLE_STRICT_OBJC_MSGSEND = YES;
				ENABLE_TESTABILITY = YES;
				GCC_C_LANGUAGE_STANDARD = gnu11;
				GCC_DYNAMIC_NO_PIC = NO;
				GCC_NO_COMMON_BLOCKS = YES;
				GCC_OPTIMIZATION_LEVEL = 0;
				GCC_PREPROCESSOR_DEFINITIONS = (
					"DEBUG=1",
					"$(inherited)",
				);
				GCC_WARN_64_TO_32_BIT_CONVERSION = YES;
				GCC_WARN_ABOUT_RETURN_TYPE = YES_ERROR;
				GCC_WARN_UNDECLARED_SELECTOR = YES;
				GCC_WARN_UNINITIALIZED_AUTOS = YES_AGGRESSIVE;
				GCC_WARN_UNUSED_FUNCTION = YES;
				GCC_WARN_UNUSED_VARIABLE = YES;
				IPHONEOS_DEPLOYMENT_TARGET = 16.2;
				MTL_ENABLE_DEBUG_INFO = INCLUDE_SOURCE;
				MTL_FAST_MATH = YES;
				ONLY_ACTIVE_ARCH = YES;
				SDKROOT = iphoneos;
				SWIFT_ACTIVE_COMPILATION_CONDITIONS = DEBUG;
				SWIFT_OPTIMIZATION_LEVEL = "-Onone";
			};
			name = Debug;
		};
		003C0F6529911D80002EFC41 /* Release */ = {
			isa = XCBuildConfiguration;
			buildSettings = {
				ALWAYS_SEARCH_USER_PATHS = NO;
				CLANG_ANALYZER_NONNULL = YES;
				CLANG_ANALYZER_NUMBER_OBJECT_CONVERSION = YES_AGGRESSIVE;
				CLANG_CXX_LANGUAGE_STANDARD = "gnu++20";
				CLANG_ENABLE_MODULES = YES;
				CLANG_ENABLE_OBJC_ARC = YES;
				CLANG_ENABLE_OBJC_WEAK = YES;
				CLANG_WARN_BLOCK_CAPTURE_AUTORELEASING = YES;
				CLANG_WARN_BOOL_CONVERSION = YES;
				CLANG_WARN_COMMA = YES;
				CLANG_WARN_CONSTANT_CONVERSION = YES;
				CLANG_WARN_DEPRECATED_OBJC_IMPLEMENTATIONS = YES;
				CLANG_WARN_DIRECT_OBJC_ISA_USAGE = YES_ERROR;
				CLANG_WARN_DOCUMENTATION_COMMENTS = YES;
				CLANG_WARN_EMPTY_BODY = YES;
				CLANG_WARN_ENUM_CONVERSION = YES;
				CLANG_WARN_INFINITE_RECURSION = YES;
				CLANG_WARN_INT_CONVERSION = YES;
				CLANG_WARN_NON_LITERAL_NULL_CONVERSION = YES;
				CLANG_WARN_OBJC_IMPLICIT_RETAIN_SELF = YES;
				CLANG_WARN_OBJC_LITERAL_CONVERSION = YES;
				CLANG_WARN_OBJC_ROOT_CLASS = YES_ERROR;
				CLANG_WARN_QUOTED_INCLUDE_IN_FRAMEWORK_HEADER = YES;
				CLANG_WARN_RANGE_LOOP_ANALYSIS = YES;
				CLANG_WARN_STRICT_PROTOTYPES = YES;
				CLANG_WARN_SUSPICIOUS_MOVE = YES;
				CLANG_WARN_UNGUARDED_AVAILABILITY = YES_AGGRESSIVE;
				CLANG_WARN_UNREACHABLE_CODE = YES;
				CLANG_WARN__DUPLICATE_METHOD_MATCH = YES;
				COPY_PHASE_STRIP = NO;
				DEBUG_INFORMATION_FORMAT = "dwarf-with-dsym";
				ENABLE_NS_ASSERTIONS = NO;
				ENABLE_STRICT_OBJC_MSGSEND = YES;
				GCC_C_LANGUAGE_STANDARD = gnu11;
				GCC_NO_COMMON_BLOCKS = YES;
				GCC_WARN_64_TO_32_BIT_CONVERSION = YES;
				GCC_WARN_ABOUT_RETURN_TYPE = YES_ERROR;
				GCC_WARN_UNDECLARED_SELECTOR = YES;
				GCC_WARN_UNINITIALIZED_AUTOS = YES_AGGRESSIVE;
				GCC_WARN_UNUSED_FUNCTION = YES;
				GCC_WARN_UNUSED_VARIABLE = YES;
				IPHONEOS_DEPLOYMENT_TARGET = 16.2;
				MTL_ENABLE_DEBUG_INFO = NO;
				MTL_FAST_MATH = YES;
				SDKROOT = iphoneos;
				SWIFT_COMPILATION_MODE = wholemodule;
				SWIFT_OPTIMIZATION_LEVEL = "-O";
				VALIDATE_PRODUCT = YES;
			};
			name = Release;
		};
		003C0F6729911D80002EFC41 /* Debug */ = {
			isa = XCBuildConfiguration;
			buildSettings = {
				ASSETCATALOG_COMPILER_APPICON_NAME = AppIcon;
				ASSETCATALOG_COMPILER_GLOBAL_ACCENT_COLOR_NAME = AccentColor;
				CODE_SIGN_STYLE = Automatic;
				CURRENT_PROJECT_VERSION = 1;
				DEVELOPMENT_TEAM = W9FSXFWG34;
				GENERATE_INFOPLIST_FILE = YES;
				INFOPLIST_FILE = PicturesGoogleTestTask/App/Info.plist;
				INFOPLIST_KEY_UIApplicationSupportsIndirectInputEvents = YES;
				INFOPLIST_KEY_UILaunchStoryboardName = LaunchScreen;
				INFOPLIST_KEY_UIMainStoryboardFile = Main;
				INFOPLIST_KEY_UISupportedInterfaceOrientations_iPad = "UIInterfaceOrientationPortrait UIInterfaceOrientationPortraitUpsideDown UIInterfaceOrientationLandscapeLeft UIInterfaceOrientationLandscapeRight";
				INFOPLIST_KEY_UISupportedInterfaceOrientations_iPhone = "UIInterfaceOrientationPortrait UIInterfaceOrientationLandscapeLeft UIInterfaceOrientationLandscapeRight";
				LD_RUNPATH_SEARCH_PATHS = (
					"$(inherited)",
					"@executable_path/Frameworks",
				);
				MARKETING_VERSION = 1.0;
				PRODUCT_BUNDLE_IDENTIFIER = com.artemorlov.PicturesGoogleTestTask;
				PRODUCT_NAME = "$(TARGET_NAME)";
				SWIFT_EMIT_LOC_STRINGS = YES;
				SWIFT_VERSION = 5.0;
				TARGETED_DEVICE_FAMILY = "1,2";
			};
			name = Debug;
		};
		003C0F6829911D80002EFC41 /* Release */ = {
			isa = XCBuildConfiguration;
			buildSettings = {
				ASSETCATALOG_COMPILER_APPICON_NAME = AppIcon;
				ASSETCATALOG_COMPILER_GLOBAL_ACCENT_COLOR_NAME = AccentColor;
				CODE_SIGN_STYLE = Automatic;
				CURRENT_PROJECT_VERSION = 1;
				DEVELOPMENT_TEAM = W9FSXFWG34;
				GENERATE_INFOPLIST_FILE = YES;
				INFOPLIST_FILE = PicturesGoogleTestTask/App/Info.plist;
				INFOPLIST_KEY_UIApplicationSupportsIndirectInputEvents = YES;
				INFOPLIST_KEY_UILaunchStoryboardName = LaunchScreen;
				INFOPLIST_KEY_UIMainStoryboardFile = Main;
				INFOPLIST_KEY_UISupportedInterfaceOrientations_iPad = "UIInterfaceOrientationPortrait UIInterfaceOrientationPortraitUpsideDown UIInterfaceOrientationLandscapeLeft UIInterfaceOrientationLandscapeRight";
				INFOPLIST_KEY_UISupportedInterfaceOrientations_iPhone = "UIInterfaceOrientationPortrait UIInterfaceOrientationLandscapeLeft UIInterfaceOrientationLandscapeRight";
				LD_RUNPATH_SEARCH_PATHS = (
					"$(inherited)",
					"@executable_path/Frameworks",
				);
				MARKETING_VERSION = 1.0;
				PRODUCT_BUNDLE_IDENTIFIER = com.artemorlov.PicturesGoogleTestTask;
				PRODUCT_NAME = "$(TARGET_NAME)";
				SWIFT_EMIT_LOC_STRINGS = YES;
				SWIFT_VERSION = 5.0;
				TARGETED_DEVICE_FAMILY = "1,2";
			};
			name = Release;
		};
/* End XCBuildConfiguration section */

/* Begin XCConfigurationList section */
		003C0F4D29911D7F002EFC41 /* Build configuration list for PBXProject "PicturesGoogleTestTask" */ = {
			isa = XCConfigurationList;
			buildConfigurations = (
				003C0F6429911D80002EFC41 /* Debug */,
				003C0F6529911D80002EFC41 /* Release */,
			);
			defaultConfigurationIsVisible = 0;
			defaultConfigurationName = Release;
		};
		003C0F6629911D80002EFC41 /* Build configuration list for PBXNativeTarget "PicturesGoogleTestTask" */ = {
			isa = XCConfigurationList;
			buildConfigurations = (
				003C0F6729911D80002EFC41 /* Debug */,
				003C0F6829911D80002EFC41 /* Release */,
			);
			defaultConfigurationIsVisible = 0;
			defaultConfigurationName = Release;
		};
/* End XCConfigurationList section */

/* Begin XCRemoteSwiftPackageReference section */
		0004406629943FDE00596A1C /* XCRemoteSwiftPackageReference "SDWebImage" */ = {
			isa = XCRemoteSwiftPackageReference;
			repositoryURL = "https://github.com/SDWebImage/SDWebImage.git";
			requirement = {
				kind = upToNextMajorVersion;
				minimumVersion = 5.15.2;
			};
		};
/* End XCRemoteSwiftPackageReference section */

/* Begin XCSwiftPackageProductDependency section */
		0004406729943FDE00596A1C /* SDWebImage */ = {
			isa = XCSwiftPackageProductDependency;
			package = 0004406629943FDE00596A1C /* XCRemoteSwiftPackageReference "SDWebImage" */;
			productName = SDWebImage;
		};
/* End XCSwiftPackageProductDependency section */
	};
	rootObject = 003C0F4A29911D7F002EFC41 /* Project object */;
}
